<?xml version="1.0" encoding="utf-8"?>
<Project ToolsVersion="4.0" xmlns="http://schemas.microsoft.com/developer/msbuild/2003">
  <ItemGroup>
    <Filter Include="Source Files">
      <UniqueIdentifier>{72ad0767-fa23-47d7-bc0a-91754f2ae348}</UniqueIdentifier>
      <Extensions>cpp;c;cxx;rc;def;r;odl;idl;hpj;bat</Extensions>
    </Filter>
    <Filter Include="Header Files">
      <UniqueIdentifier>{2ed23477-67cc-4372-a32a-35698dab6f48}</UniqueIdentifier>
      <Extensions>h;hpp;hxx;hm;inl</Extensions>
    </Filter>
    <Filter Include="Resource Files">
      <UniqueIdentifier>{49482faa-e167-420d-a9ed-c89e3aca606a}</UniqueIdentifier>
      <Extensions>ico;cur;bmp;dlg;rc2;rct;bin;rgs;gif;jpg;jpeg;jpe</Extensions>
    </Filter>
  </ItemGroup>
  <ItemGroup>
    <ClCompile Include="ChildFrm.cpp">
      <Filter>Source Files</Filter>
    </ClCompile>
    <ClCompile Include="Edge.cpp">
      <Filter>Source Files</Filter>
    </ClCompile>
    <ClCompile Include="EdgeList.cpp">
      <Filter>Source Files</Filter>
    </ClCompile>
    <ClCompile Include="Face.cpp">
      <Filter>Source Files</Filter>
    </ClCompile>
    <ClCompile Include="FaceList.cpp">
      <Filter>Source Files</Filter>
    </ClCompile>
    <ClCompile Include="GrowinNeuralGasPage.cpp">
      <Filter>Source Files</Filter>
    </ClCompile>
    <ClCompile Include="GrowingGridPage.cpp">
      <Filter>Source Files</Filter>
    </ClCompile>
    <ClCompile Include="InitNeuralNetworkDialog.cpp">
      <Filter>Source Files</Filter>
    </ClCompile>
    <ClCompile Include="MainFrm.cpp">
      <Filter>Source Files</Filter>
    </ClCompile>
    <ClCompile Include="MyPoint.cpp">
      <Filter>Source Files</Filter>
    </ClCompile>
    <ClCompile Include="NN.cpp">
      <Filter>Source Files</Filter>
    </ClCompile>
    <ClCompile Include="NNDoc.cpp">
      <Filter>Source Files</Filter>
    </ClCompile>
    <ClCompile Include="NNView.cpp">
      <Filter>Source Files</Filter>
    </ClCompile>
    <ClCompile Include="NeuralGasPage.cpp">
      <Filter>Source Files</Filter>
    </ClCompile>
    <ClCompile Include="NeuralNet.cpp">
      <Filter>Source Files</Filter>
    </ClCompile>
    <ClCompile Include="Neuron.cpp">
      <Filter>Source Files</Filter>
    </ClCompile>
    <ClCompile Include="NeuronGraphics.cpp">
      <Filter>Source Files</Filter>
    </ClCompile>
    <ClCompile Include="NeuronList.cpp">
      <Filter>Source Files</Filter>
    </ClCompile>
    <ClCompile Include="PointList.cpp">
      <Filter>Source Files</Filter>
    </ClCompile>
    <ClCompile Include="SamplePoint.cpp">
      <Filter>Source Files</Filter>
    </ClCompile>
    <ClCompile Include="SelfOrganizingFeatureMapPage.cpp">
      <Filter>Source Files</Filter>
    </ClCompile>
    <ClCompile Include="StdAfx.cpp">
      <Filter>Source Files</Filter>
    </ClCompile>
    <ClCompile Include="TrainNetDialogPropSheet.cpp">
      <Filter>Source Files</Filter>
    </ClCompile>
    <ClCompile Include="ViewParamDlg.cpp">
      <Filter>Source Files</Filter>
    </ClCompile>
  </ItemGroup>
  <ItemGroup>
    <ResourceCompile Include="NN.rc">
      <Filter>Source Files</Filter>
    </ResourceCompile>
  </ItemGroup>
  <ItemGroup>
    <ClInclude Include="ChildFrm.h">
      <Filter>Header Files</Filter>
    </ClInclude>
    <ClInclude Include="GrowinNeuralGasPage.h">
      <Filter>Header Files</Filter>
    </ClInclude>
    <ClInclude Include="GrowingGridPage.h">
      <Filter>Header Files</Filter>
    </ClInclude>
    <ClInclude Include="InitNeuralNetworkDialog.h">
      <Filter>Header Files</Filter>
    </ClInclude>
    <ClInclude Include="MainFrm.h">
      <Filter>Header Files</Filter>
    </ClInclude>
    <ClInclude Include="NN.h">
      <Filter>Header Files</Filter>
    </ClInclude>
    <ClInclude Include="NNDoc.h">
      <Filter>Header Files</Filter>
    </ClInclude>
    <ClInclude Include="NNView.h">
      <Filter>Header Files</Filter>
    </ClInclude>
    <ClInclude Include="NeuralGasPage.h">
      <Filter>Header Files</Filter>
    </ClInclude>
    <ClInclude Include="NeuralNet.h">
      <Filter>Header Files</Filter>
    </ClInclude>
    <ClInclude Include="Resource.h">
      <Filter>Header Files</Filter>
    </ClInclude>
    <ClInclude Include="SelfOrganizingFeatureMapPage.h">
      <Filter>Header Files</Filter>
    </ClInclude>
    <ClInclude Include="StdAfx.h">
      <Filter>Header Files</Filter>
    </ClInclude>
    <ClInclude Include="TrainNetDialogPropSheet.h">
      <Filter>Header Files</Filter>
    </ClInclude>
    <ClInclude Include="ViewParamDlg.h">
      <Filter>Header Files</Filter>
    </ClInclude>
  </ItemGroup>
  <ItemGroup>
    <Image Include="res\NN.ico">
      <Filter>Resource Files</Filter>
    </Image>
    <Image Include="res\NNDoc.ico">
      <Filter>Resource Files</Filter>
    </Image>
    <Image Include="res\Toolbar.bmp">
      <Filter>Resource Files</Filter>
    </Image>
  </ItemGroup>
  <ItemGroup>
    <None Include="res\NN.rc2">
      <Filter>Resource Files</Filter>
    </None>
  </ItemGroup>
  <ItemGroup>
    <Text Include="ReadMe.txt" />
  </ItemGroup>
</Project>